
Microsoft Visual Studio Solution File, Format Version 12.00
# Visual Studio 15
VisualStudioVersion = 15.0.27130.0
MinimumVisualStudioVersion = 10.0.40219.1
Project("{FAE04EC0-301F-11D3-BF4B-00C04F79EFBC}") = "ShapleyTreewidth", "ShapleyTreewidth\ShapleyTreewidth.csproj", "{B85F3753-EB62-4AF2-A1C4-231C7C737525}"
EndProject
Global
	GlobalSection(SolutionConfigurationPlatforms) = preSolution
		Debug|Any CPU = Debug|Any CPU
		Debug|x64 = Debug|x64
		Release|Any CPU = Release|Any CPU
		Release|x64 = Release|x64
	EndGlobalSection
	GlobalSection(ProjectConfigurationPlatforms) = postSolution
		{B85F3753-EB62-4AF2-A1C4-231C7C737525}.Debug|Any CPU.ActiveCfg = Debug|Any CPU
		{B85F3753-EB62-4AF2-A1C4-231C7C737525}.Debug|Any CPU.Build.0 = Debug|Any CPU
		{B85F3753-EB62-4AF2-A1C4-231C7C737525}.Debug|x64.ActiveCfg = Debug|x64
		{B85F3753-EB62-4AF2-A1C4-231C7C737525}.Debug|x64.Build.0 = Debug|x64
		{B85F3753-EB62-4AF2-A1C4-231C7C737525}.Release|Any CPU.ActiveCfg = Release|Any CPU
		{B85F3753-EB62-4AF2-A1C4-231C7C737525}.Release|Any CPU.Build.0 = Release|Any CPU
		{B85F3753-EB62-4AF2-A1C4-231C7C737525}.Release|x64.ActiveCfg = Release|x64
		{B85F3753-EB62-4AF2-A1C4-231C7C737525}.Release|x64.Build.0 = Release|x64
	EndGlobalSection
	GlobalSection(SolutionProperties) = preSolution
		HideSolutionNode = FALSE
	EndGlobalSection
	GlobalSection(ExtensibilityGlobals) = postSolution
		SolutionGuid = {CBC35197-01A3-45BB-A08A-7BAD853E6F87}
	EndGlobalSection
EndGlobal
